
Microsoft Visual Studio Solution File, Format Version 11.00
# Visual Studio 2010
Project("{FAE04EC0-301F-11D3-BF4B-00C04F79EFBC}") = "blam", "Assembly-CSharp.csproj", "{AC320632-18F3-3727-A8F8-F4F153EFA0A0}"
EndProject
Project("{FAE04EC0-301F-11D3-BF4B-00C04F79EFBC}") = "blam", "Assembly-CSharp-Editor.csproj", "{722348C0-7726-8193-D777-0749AFF9A98A}"
EndProject
Global
	GlobalSection(SolutionConfigurationPlatforms) = preSolution
		Debug|Any CPU = Debug|Any CPU
		Release|Any CPU = Release|Any CPU
	EndGlobalSection
	GlobalSection(ProjectConfigurationPlatforms) = postSolution
		{AC320632-18F3-3727-A8F8-F4F153EFA0A0}.Debug|Any CPU.ActiveCfg = Debug|Any CPU
		{AC320632-18F3-3727-A8F8-F4F153EFA0A0}.Debug|Any CPU.Build.0 = Debug|Any CPU
		{AC320632-18F3-3727-A8F8-F4F153EFA0A0}.Release|Any CPU.ActiveCfg = Release|Any CPU
		{AC320632-18F3-3727-A8F8-F4F153EFA0A0}.Release|Any CPU.Build.0 = Release|Any CPU
		{722348C0-7726-8193-D777-0749AFF9A98A}.Debug|Any CPU.ActiveCfg = Debug|Any CPU
		{722348C0-7726-8193-D777-0749AFF9A98A}.Debug|Any CPU.Build.0 = Debug|Any CPU
		{722348C0-7726-8193-D777-0749AFF9A98A}.Release|Any CPU.ActiveCfg = Release|Any CPU
		{722348C0-7726-8193-D777-0749AFF9A98A}.Release|Any CPU.Build.0 = Release|Any CPU
	EndGlobalSection
	GlobalSection(SolutionProperties) = preSolution
		HideSolutionNode = FALSE
	EndGlobalSection
	GlobalSection(MonoDevelopProperties) = preSolution
		StartupItem = Assembly-CSharp.csproj
	EndGlobalSection
EndGlobal
